{
    "_readme": [
        "This file locks the dependencies of your project to a known state",
        "Read more about it at https://getcomposer.org/doc/01-basic-usage.md#installing-dependencies",
        "This file is @generated automatically"
    ],
    "content-hash": "af0b7371927bf3a55bc9f424b610bc21",
    "packages": [
        {
            "name": "latte/latte",
            "version": "v3.0.18",
            "source": {
                "type": "git",
                "url": "https://github.com/nette/latte.git",
                "reference": "fca0a3eddd70213201b3b3abec0cb8dde7bbc259"
            },
            "dist": {
                "type": "zip",
                "url": "https://api.github.com/repos/nette/latte/zipball/fca0a3eddd70213201b3b3abec0cb8dde7bbc259",
                "reference": "fca0a3eddd70213201b3b3abec0cb8dde7bbc259",
                "shasum": ""
            },
            "require": {
                "ext-json": "*",
                "ext-tokenizer": "*",
                "php": "8.0 - 8.4"
            },
            "conflict": {
                "nette/application": "<3.1.7",
                "nette/caching": "<3.1.4"
            },
            "require-dev": {
                "nette/php-generator": "^4.0",
                "nette/tester": "^2.5",
                "nette/utils": "^4.0",
                "phpstan/phpstan": "^1",
                "tracy/tracy": "^2.10"
            },
            "suggest": {
                "ext-fileinfo": "to use filter |datastream",
                "ext-iconv": "to use filters |reverse, |substring",
                "ext-intl": "to use Latte\\Engine::setLocale()",
                "ext-mbstring": "to use filters like lower, upper, capitalize, ...",
                "nette/php-generator": "to use tag {templatePrint}",
                "nette/utils": "to use filter |webalize"
            },
            "bin": [
                "bin/latte-lint"
            ],
            "type": "library",
            "extra": {
                "branch-alias": {
                    "dev-master": "3.0-dev"
                }
            },
            "autoload": {
                "classmap": [
                    "src/"
                ]
            },
            "notification-url": "https://packagist.org/downloads/",
            "license": [
                "BSD-3-Clause",
                "GPL-2.0-only",
                "GPL-3.0-only"
            ],
            "authors": [
                {
                    "name": "David Grudl",
                    "homepage": "https://davidgrudl.com"
                },
                {
                    "name": "Nette Community",
                    "homepage": "https://nette.org/contributors"
                }
            ],
            "description": "☕ Latte: the intuitive and fast template engine for those who want the most secure PHP sites. Introduces context-sensitive escaping.",
            "homepage": "https://latte.nette.org",
            "keywords": [
                "context-sensitive",
                "engine",
                "escaping",
                "html",
                "nette",
                "security",
                "template",
                "twig"
            ],
            "support": {
                "issues": "https://github.com/nette/latte/issues",
                "source": "https://github.com/nette/latte/tree/v3.0.18"
            },
            "time": "2024-08-06T07:58:55+00:00"
        },
        {
            "name": "stougeiro/view-contract",
            "version": "v0.1.0",
            "source": {
                "type": "git",
                "url": "https://github.com/stougeiro/view-contract.git",
                "reference": "efd59b4f3db08592ffa030867ae594baa15643fc"
            },
            "dist": {
                "type": "zip",
                "url": "https://api.github.com/repos/stougeiro/view-contract/zipball/efd59b4f3db08592ffa030867ae594baa15643fc",
                "reference": "efd59b4f3db08592ffa030867ae594baa15643fc",
                "shasum": ""
            },
            "require": {
                "php": "^8.1"
            },
            "type": "package",
            "autoload": {
                "psr-4": {
                    "STDW\\View\\Contract\\": "src/"
                }
            },
            "notification-url": "https://packagist.org/downloads/",
            "license": [
                "MIT"
            ],
            "authors": [
                {
                    "name": "stougeiro",
                    "email": "sidneytougeiro@gmail.com"
                }
            ],
            "support": {
                "issues": "https://github.com/stougeiro/view-contract/issues",
                "source": "https://github.com/stougeiro/view-contract/tree/v0.1.0"
            },
            "time": "2024-09-18T01:12:56+00:00"
        }
    ],
    "packages-dev": [],
    "aliases": [],
    "minimum-stability": "dev",
    "stability-flags": [],
    "prefer-stable": false,
    "prefer-lowest": false,
    "platform": {
        "php": "^8.1"
    },
    "platform-dev": [],
    "plugin-api-version": "2.6.0"
}
