{
    "_readme": [
        "This file locks the dependencies of your project to a known state",
        "Read more about it at https://getcomposer.org/doc/01-basic-usage.md#installing-dependencies",
        "This file is @generated automatically"
    ],
    "content-hash": "b858a61f43ebd5e1b9b10f59631f12e1",
    "packages": [
        {
            "name": "latte/latte",
            "version": "v3.0.18",
            "source": {
                "type": "git",
                "url": "https://github.com/nette/latte.git",
                "reference": "fca0a3eddd70213201b3b3abec0cb8dde7bbc259"
            },
            "dist": {
                "type": "zip",
                "url": "https://api.github.com/repos/nette/latte/zipball/fca0a3eddd70213201b3b3abec0cb8dde7bbc259",
                "reference": "fca0a3eddd70213201b3b3abec0cb8dde7bbc259",
                "shasum": ""
            },
            "require": {
                "ext-json": "*",
                "ext-tokenizer": "*",
                "php": "8.0 - 8.4"
            },
            "conflict": {
                "nette/application": "<3.1.7",
                "nette/caching": "<3.1.4"
            },
            "require-dev": {
                "nette/php-generator": "^4.0",
                "nette/tester": "^2.5",
                "nette/utils": "^4.0",
                "phpstan/phpstan": "^1",
                "tracy/tracy": "^2.10"
            },
            "suggest": {
                "ext-fileinfo": "to use filter |datastream",
                "ext-iconv": "to use filters |reverse, |substring",
                "ext-intl": "to use Latte\\Engine::setLocale()",
                "ext-mbstring": "to use filters like lower, upper, capitalize, ...",
                "nette/php-generator": "to use tag {templatePrint}",
                "nette/utils": "to use filter |webalize"
            },
            "bin": [
                "bin/latte-lint"
            ],
            "type": "library",
            "extra": {
                "branch-alias": {
                    "dev-master": "3.0-dev"
                }
            },
            "autoload": {
                "classmap": [
                    "src/"
                ]
            },
            "notification-url": "https://packagist.org/downloads/",
            "license": [
                "BSD-3-Clause",
                "GPL-2.0-only",
                "GPL-3.0-only"
            ],
            "authors": [
                {
                    "name": "David Grudl",
                    "homepage": "https://davidgrudl.com"
                },
                {
                    "name": "Nette Community",
                    "homepage": "https://nette.org/contributors"
                }
            ],
            "description": "☕ Latte: the intuitive and fast template engine for those who want the most secure PHP sites. Introduces context-sensitive escaping.",
            "homepage": "https://latte.nette.org",
            "keywords": [
                "context-sensitive",
                "engine",
                "escaping",
                "html",
                "nette",
                "security",
                "template",
                "twig"
            ],
            "support": {
                "issues": "https://github.com/nette/latte/issues",
                "source": "https://github.com/nette/latte/tree/v3.0.18"
            },
            "time": "2024-08-06T07:58:55+00:00"
        },
        {
            "name": "psr/container",
            "version": "2.0.2",
            "source": {
                "type": "git",
                "url": "https://github.com/php-fig/container.git",
                "reference": "c71ecc56dfe541dbd90c5360474fbc405f8d5963"
            },
            "dist": {
                "type": "zip",
                "url": "https://api.github.com/repos/php-fig/container/zipball/c71ecc56dfe541dbd90c5360474fbc405f8d5963",
                "reference": "c71ecc56dfe541dbd90c5360474fbc405f8d5963",
                "shasum": ""
            },
            "require": {
                "php": ">=7.4.0"
            },
            "type": "library",
            "extra": {
                "branch-alias": {
                    "dev-master": "2.0.x-dev"
                }
            },
            "autoload": {
                "psr-4": {
                    "Psr\\Container\\": "src/"
                }
            },
            "notification-url": "https://packagist.org/downloads/",
            "license": [
                "MIT"
            ],
            "authors": [
                {
                    "name": "PHP-FIG",
                    "homepage": "https://www.php-fig.org/"
                }
            ],
            "description": "Common Container Interface (PHP FIG PSR-11)",
            "homepage": "https://github.com/php-fig/container",
            "keywords": [
                "PSR-11",
                "container",
                "container-interface",
                "container-interop",
                "psr"
            ],
            "support": {
                "issues": "https://github.com/php-fig/container/issues",
                "source": "https://github.com/php-fig/container/tree/2.0.2"
            },
            "time": "2021-11-05T16:47:00+00:00"
        },
        {
            "name": "stougeiro/container-contract",
            "version": "v0.1.0",
            "source": {
                "type": "git",
                "url": "https://github.com/stougeiro/container-contract.git",
                "reference": "f77d98e12b05531be87717224052ae195c84bad2"
            },
            "dist": {
                "type": "zip",
                "url": "https://api.github.com/repos/stougeiro/container-contract/zipball/f77d98e12b05531be87717224052ae195c84bad2",
                "reference": "f77d98e12b05531be87717224052ae195c84bad2",
                "shasum": ""
            },
            "require": {
                "php": "^8.1",
                "psr/container": "2.0.2"
            },
            "type": "package",
            "autoload": {
                "psr-4": {
                    "STDW\\Container\\Contract\\": "src/"
                }
            },
            "notification-url": "https://packagist.org/downloads/",
            "license": [
                "MIT"
            ],
            "authors": [
                {
                    "name": "stougeiro",
                    "email": "sidneytougeiro@gmail.com"
                }
            ],
            "support": {
                "issues": "https://github.com/stougeiro/container-contract/issues",
                "source": "https://github.com/stougeiro/container-contract/tree/v0.1.0"
            },
            "time": "2024-09-18T18:11:16+00:00"
        },
        {
            "name": "stougeiro/contract",
            "version": "v0.6.0",
            "source": {
                "type": "git",
                "url": "https://github.com/stougeiro/contract.git",
                "reference": "fb539622810639f8ba1aba8407beb4119dc586ee"
            },
            "dist": {
                "type": "zip",
                "url": "https://api.github.com/repos/stougeiro/contract/zipball/fb539622810639f8ba1aba8407beb4119dc586ee",
                "reference": "fb539622810639f8ba1aba8407beb4119dc586ee",
                "shasum": ""
            },
            "require": {
                "php": "^8.1",
                "stougeiro/container-contract": "0.1.0"
            },
            "type": "package",
            "autoload": {
                "files": [
                    "src/functions.php"
                ],
                "psr-4": {
                    "STDW\\Contract\\": "src/"
                }
            },
            "notification-url": "https://packagist.org/downloads/",
            "license": [
                "MIT"
            ],
            "authors": [
                {
                    "name": "stougeiro",
                    "email": "sidneytougeiro@gmail.com"
                }
            ],
            "support": {
                "issues": "https://github.com/stougeiro/contract/issues",
                "source": "https://github.com/stougeiro/contract/tree/v0.6.0"
            },
            "time": "2024-09-30T22:45:05+00:00"
        },
        {
            "name": "stougeiro/support",
            "version": "v0.3.0",
            "source": {
                "type": "git",
                "url": "https://github.com/stougeiro/support.git",
                "reference": "ea555f0b7de2103d3c778cb4ab9d1a0bf9bad41a"
            },
            "dist": {
                "type": "zip",
                "url": "https://api.github.com/repos/stougeiro/support/zipball/ea555f0b7de2103d3c778cb4ab9d1a0bf9bad41a",
                "reference": "ea555f0b7de2103d3c778cb4ab9d1a0bf9bad41a",
                "shasum": ""
            },
            "require": {
                "php": "^8.1"
            },
            "type": "package",
            "autoload": {
                "files": [
                    "src/aliases.php"
                ],
                "psr-4": {
                    "STDW\\Support\\": "src/"
                }
            },
            "notification-url": "https://packagist.org/downloads/",
            "license": [
                "MIT"
            ],
            "authors": [
                {
                    "name": "stougeiro",
                    "email": "sidneytougeiro@gmail.com"
                }
            ],
            "support": {
                "issues": "https://github.com/stougeiro/support/issues",
                "source": "https://github.com/stougeiro/support/tree/v0.3.0"
            },
            "time": "2024-10-03T14:05:44+00:00"
        },
        {
            "name": "stougeiro/valueobject",
            "version": "v0.1.0",
            "source": {
                "type": "git",
                "url": "https://github.com/stougeiro/valueobject.git",
                "reference": "da99bb4cc332fae54c29d8c25b9eb37e334896cd"
            },
            "dist": {
                "type": "zip",
                "url": "https://api.github.com/repos/stougeiro/valueobject/zipball/da99bb4cc332fae54c29d8c25b9eb37e334896cd",
                "reference": "da99bb4cc332fae54c29d8c25b9eb37e334896cd",
                "shasum": ""
            },
            "require": {
                "php": "^8.1"
            },
            "type": "package",
            "autoload": {
                "psr-4": {
                    "STDW\\ValueObject\\": "src/"
                }
            },
            "notification-url": "https://packagist.org/downloads/",
            "license": [
                "MIT"
            ],
            "authors": [
                {
                    "name": "S.Tougeiro",
                    "email": "sidneytougeiro@gmail.com"
                }
            ],
            "support": {
                "issues": "https://github.com/stougeiro/valueobject/issues",
                "source": "https://github.com/stougeiro/valueobject/tree/v0.1.0"
            },
            "time": "2024-02-26T22:46:35+00:00"
        },
        {
            "name": "stougeiro/view",
            "version": "v0.8.0",
            "source": {
                "type": "git",
                "url": "https://github.com/stougeiro/view.git",
                "reference": "bf3a43a0c4e35bdc294acddc6711cec712e8b308"
            },
            "dist": {
                "type": "zip",
                "url": "https://api.github.com/repos/stougeiro/view/zipball/bf3a43a0c4e35bdc294acddc6711cec712e8b308",
                "reference": "bf3a43a0c4e35bdc294acddc6711cec712e8b308",
                "shasum": ""
            },
            "require": {
                "php": "^8.1",
                "stougeiro/contract": "0.6.0",
                "stougeiro/support": "0.3.0",
                "stougeiro/valueobject": "0.1.0",
                "stougeiro/view-contract": "0.3.0"
            },
            "type": "package",
            "autoload": {
                "files": [
                    "src/functions.php"
                ],
                "psr-4": {
                    "STDW\\View\\": "src/"
                }
            },
            "notification-url": "https://packagist.org/downloads/",
            "license": [
                "MIT"
            ],
            "authors": [
                {
                    "name": "stougeiro",
                    "email": "sidneytougeiro@gmail.com"
                }
            ],
            "support": {
                "issues": "https://github.com/stougeiro/view/issues",
                "source": "https://github.com/stougeiro/view/tree/v0.8.0"
            },
            "time": "2024-10-03T14:44:06+00:00"
        },
        {
            "name": "stougeiro/view-contract",
            "version": "v0.3.0",
            "source": {
                "type": "git",
                "url": "https://github.com/stougeiro/view-contract.git",
                "reference": "63e79d57806043668c8416c617ad352e9cb02dcc"
            },
            "dist": {
                "type": "zip",
                "url": "https://api.github.com/repos/stougeiro/view-contract/zipball/63e79d57806043668c8416c617ad352e9cb02dcc",
                "reference": "63e79d57806043668c8416c617ad352e9cb02dcc",
                "shasum": ""
            },
            "require": {
                "php": "^8.1"
            },
            "type": "package",
            "autoload": {
                "psr-4": {
                    "STDW\\View\\Contract\\": "src/"
                }
            },
            "notification-url": "https://packagist.org/downloads/",
            "license": [
                "MIT"
            ],
            "authors": [
                {
                    "name": "stougeiro",
                    "email": "sidneytougeiro@gmail.com"
                }
            ],
            "support": {
                "issues": "https://github.com/stougeiro/view-contract/issues",
                "source": "https://github.com/stougeiro/view-contract/tree/v0.3.0"
            },
            "time": "2024-09-23T03:52:16+00:00"
        }
    ],
    "packages-dev": [],
    "aliases": [],
    "minimum-stability": "dev",
    "stability-flags": [],
    "prefer-stable": false,
    "prefer-lowest": false,
    "platform": {
        "php": "^8.1"
    },
    "platform-dev": [],
    "plugin-api-version": "2.6.0"
}
